
Microsoft Visual Studio Solution File, Format Version 12.00
# Visual Studio Version 17
VisualStudioVersion = 17.0.31903.59
MinimumVisualStudioVersion = 10.0.40219.1
Project("{2150E333-8FDC-42A3-9474-1A3956D46DE8}") = "desktop", "desktop", "{7A1224A0-F22D-34FF-DE0A-A058FAFFD90C}"
EndProject
Project("{FAE04EC0-301F-11D3-BF4B-00C04F79EFBC}") = "CodexProviderSync.App", "desktop\CodexProviderSync.App\CodexProviderSync.App.csproj", "{046C07E6-8117-4F19-B2CF-683D62D944C9}"
EndProject
Project("{FAE04EC0-301F-11D3-BF4B-00C04F79EFBC}") = "CodexProviderSync.Mac", "desktop\CodexProviderSync.Mac\CodexProviderSync.Mac.csproj", "{2F00CBA5-C5E9-42BC-9F25-01641E0B8901}"
EndProject
Project("{FAE04EC0-301F-11D3-BF4B-00C04F79EFBC}") = "CodexProviderSync.Core", "desktop\CodexProviderSync.Core\CodexProviderSync.Core.csproj", "{0BAD4EAB-F18E-405C-AA1F-0D08B03B599B}"
EndProject
Project("{FAE04EC0-301F-11D3-BF4B-00C04F79EFBC}") = "CodexProviderSync.Application", "desktop\CodexProviderSync.Application\CodexProviderSync.Application.csproj", "{A2A9E0B8-D2F3-4E21-AEF0-6DDE4688D80A}"
EndProject
Project("{FAE04EC0-301F-11D3-BF4B-00C04F79EFBC}") = "CodexProviderSync.Automation", "desktop\CodexProviderSync.Automation\CodexProviderSync.Automation.csproj", "{D4E17AB1-7F5C-48A8-A47E-8BE5F37BD761}"
EndProject
Project("{FAE04EC0-301F-11D3-BF4B-00C04F79EFBC}") = "CodexProviderSync.GuiE2E", "desktop\CodexProviderSync.GuiE2E\CodexProviderSync.GuiE2E.csproj", "{B8C38C3E-5C80-4F69-B4AB-55772F61A138}"
EndProject
Project("{FAE04EC0-301F-11D3-BF4B-00C04F79EFBC}") = "CodexProviderSync.App.Tests", "desktop\CodexProviderSync.App.Tests\CodexProviderSync.App.Tests.csproj", "{C2B35A41-4A58-49EC-A8D1-65F8AA6D9914}"
EndProject
Project("{FAE04EC0-301F-11D3-BF4B-00C04F79EFBC}") = "CodexProviderSync.Application.Tests", "desktop\CodexProviderSync.Application.Tests\CodexProviderSync.Application.Tests.csproj", "{F4F86035-7CC3-4D8E-BA71-1C87E2A7E2E9}"
EndProject
Project("{FAE04EC0-301F-11D3-BF4B-00C04F79EFBC}") = "CodexProviderSync.Automation.Tests", "desktop\CodexProviderSync.Automation.Tests\CodexProviderSync.Automation.Tests.csproj", "{E650246E-C6E1-4E34-9CF7-9890CE46B65C}"
EndProject
Project("{FAE04EC0-301F-11D3-BF4B-00C04F79EFBC}") = "CodexProviderSync.GuiE2E.Tests", "desktop\CodexProviderSync.GuiE2E.Tests\CodexProviderSync.GuiE2E.Tests.csproj", "{9E3EA4B7-BD0E-48CD-B74A-C4E4F1F44589}"
EndProject
Project("{FAE04EC0-301F-11D3-BF4B-00C04F79EFBC}") = "CodexProviderSync.PlanClaimHost", "desktop\CodexProviderSync.Application.Tests\ClaimHost\CodexProviderSync.PlanClaimHost.csproj", "{577DF582-39B9-4306-8F51-DB65DFD375E0}"
EndProject
Project("{FAE04EC0-301F-11D3-BF4B-00C04F79EFBC}") = "CodexProviderSync.CrashHost", "desktop\CodexProviderSync.Core.Tests\CrashHost\CodexProviderSync.CrashHost.csproj", "{1DD4AD0F-F74F-452B-8633-96326FE0769E}"
EndProject
Project("{FAE04EC0-301F-11D3-BF4B-00C04F79EFBC}") = "CodexProviderSync.Core.Tests", "desktop\CodexProviderSync.Core.Tests\CodexProviderSync.Core.Tests.csproj", "{3D212656-31F9-4591-A19C-B7F77EE09AA3}"
EndProject
Project("{FAE04EC0-301F-11D3-BF4B-00C04F79EFBC}") = "CodexProviderSync.SimpleApp", "desktop\CodexProviderSync.SimpleApp\CodexProviderSync.SimpleApp.csproj", "{E14D36F0-9BDA-44EC-A2D8-3A4AAFF2211C}"
EndProject
Project("{FAE04EC0-301F-11D3-BF4B-00C04F79EFBC}") = "CodexProviderSync.SimpleApp.Tests", "desktop\CodexProviderSync.SimpleApp.Tests\CodexProviderSync.SimpleApp.Tests.csproj", "{3EAC384C-A336-4B43-8DF9-E801E0D598CE}"
EndProject
Global
	GlobalSection(SolutionConfigurationPlatforms) = preSolution
		Debug|Any CPU = Debug|Any CPU
		Debug|x64 = Debug|x64
		Debug|x86 = Debug|x86
		Release|Any CPU = Release|Any CPU
		Release|x64 = Release|x64
		Release|x86 = Release|x86
	EndGlobalSection
	GlobalSection(ProjectConfigurationPlatforms) = postSolution
		{046C07E6-8117-4F19-B2CF-683D62D944C9}.Debug|Any CPU.ActiveCfg = Debug|Any CPU
		{046C07E6-8117-4F19-B2CF-683D62D944C9}.Debug|Any CPU.Build.0 = Debug|Any CPU
		{046C07E6-8117-4F19-B2CF-683D62D944C9}.Debug|x64.ActiveCfg = Debug|Any CPU
		{046C07E6-8117-4F19-B2CF-683D62D944C9}.Debug|x64.Build.0 = Debug|Any CPU
		{046C07E6-8117-4F19-B2CF-683D62D944C9}.Debug|x86.ActiveCfg = Debug|Any CPU
		{046C07E6-8117-4F19-B2CF-683D62D944C9}.Debug|x86.Build.0 = Debug|Any CPU
		{046C07E6-8117-4F19-B2CF-683D62D944C9}.Release|Any CPU.ActiveCfg = Release|Any CPU
		{046C07E6-8117-4F19-B2CF-683D62D944C9}.Release|Any CPU.Build.0 = Release|Any CPU
		{046C07E6-8117-4F19-B2CF-683D62D944C9}.Release|x64.ActiveCfg = Release|Any CPU
		{046C07E6-8117-4F19-B2CF-683D62D944C9}.Release|x64.Build.0 = Release|Any CPU
		{046C07E6-8117-4F19-B2CF-683D62D944C9}.Release|x86.ActiveCfg = Release|Any CPU
		{046C07E6-8117-4F19-B2CF-683D62D944C9}.Release|x86.Build.0 = Release|Any CPU
		{2F00CBA5-C5E9-42BC-9F25-01641E0B8901}.Debug|Any CPU.ActiveCfg = Debug|Any CPU
		{2F00CBA5-C5E9-42BC-9F25-01641E0B8901}.Debug|Any CPU.Build.0 = Debug|Any CPU
		{2F00CBA5-C5E9-42BC-9F25-01641E0B8901}.Debug|x64.ActiveCfg = Debug|Any CPU
		{2F00CBA5-C5E9-42BC-9F25-01641E0B8901}.Debug|x64.Build.0 = Debug|Any CPU
		{2F00CBA5-C5E9-42BC-9F25-01641E0B8901}.Debug|x86.ActiveCfg = Debug|Any CPU
		{2F00CBA5-C5E9-42BC-9F25-01641E0B8901}.Debug|x86.Build.0 = Debug|Any CPU
		{2F00CBA5-C5E9-42BC-9F25-01641E0B8901}.Release|Any CPU.ActiveCfg = Release|Any CPU
		{2F00CBA5-C5E9-42BC-9F25-01641E0B8901}.Release|Any CPU.Build.0 = Release|Any CPU
		{2F00CBA5-C5E9-42BC-9F25-01641E0B8901}.Release|x64.ActiveCfg = Release|Any CPU
		{2F00CBA5-C5E9-42BC-9F25-01641E0B8901}.Release|x64.Build.0 = Release|Any CPU
		{2F00CBA5-C5E9-42BC-9F25-01641E0B8901}.Release|x86.ActiveCfg = Release|Any CPU
		{2F00CBA5-C5E9-42BC-9F25-01641E0B8901}.Release|x86.Build.0 = Release|Any CPU
		{0BAD4EAB-F18E-405C-AA1F-0D08B03B599B}.Debug|Any CPU.ActiveCfg = Debug|Any CPU
		{0BAD4EAB-F18E-405C-AA1F-0D08B03B599B}.Debug|Any CPU.Build.0 = Debug|Any CPU
		{0BAD4EAB-F18E-405C-AA1F-0D08B03B599B}.Debug|x64.ActiveCfg = Debug|Any CPU
		{0BAD4EAB-F18E-405C-AA1F-0D08B03B599B}.Debug|x64.Build.0 = Debug|Any CPU
		{0BAD4EAB-F18E-405C-AA1F-0D08B03B599B}.Debug|x86.ActiveCfg = Debug|Any CPU
		{0BAD4EAB-F18E-405C-AA1F-0D08B03B599B}.Debug|x86.Build.0 = Debug|Any CPU
		{0BAD4EAB-F18E-405C-AA1F-0D08B03B599B}.Release|Any CPU.ActiveCfg = Release|Any CPU
		{0BAD4EAB-F18E-405C-AA1F-0D08B03B599B}.Release|Any CPU.Build.0 = Release|Any CPU
		{0BAD4EAB-F18E-405C-AA1F-0D08B03B599B}.Release|x64.ActiveCfg = Release|Any CPU
		{0BAD4EAB-F18E-405C-AA1F-0D08B03B599B}.Release|x64.Build.0 = Release|Any CPU
		{0BAD4EAB-F18E-405C-AA1F-0D08B03B599B}.Release|x86.ActiveCfg = Release|Any CPU
		{0BAD4EAB-F18E-405C-AA1F-0D08B03B599B}.Release|x86.Build.0 = Release|Any CPU
		{A2A9E0B8-D2F3-4E21-AEF0-6DDE4688D80A}.Debug|Any CPU.ActiveCfg = Debug|Any CPU
		{A2A9E0B8-D2F3-4E21-AEF0-6DDE4688D80A}.Debug|Any CPU.Build.0 = Debug|Any CPU
		{A2A9E0B8-D2F3-4E21-AEF0-6DDE4688D80A}.Debug|x64.ActiveCfg = Debug|Any CPU
		{A2A9E0B8-D2F3-4E21-AEF0-6DDE4688D80A}.Debug|x64.Build.0 = Debug|Any CPU
		{A2A9E0B8-D2F3-4E21-AEF0-6DDE4688D80A}.Debug|x86.ActiveCfg = Debug|Any CPU
		{A2A9E0B8-D2F3-4E21-AEF0-6DDE4688D80A}.Debug|x86.Build.0 = Debug|Any CPU
		{A2A9E0B8-D2F3-4E21-AEF0-6DDE4688D80A}.Release|Any CPU.ActiveCfg = Release|Any CPU
		{A2A9E0B8-D2F3-4E21-AEF0-6DDE4688D80A}.Release|Any CPU.Build.0 = Release|Any CPU
		{A2A9E0B8-D2F3-4E21-AEF0-6DDE4688D80A}.Release|x64.ActiveCfg = Release|Any CPU
		{A2A9E0B8-D2F3-4E21-AEF0-6DDE4688D80A}.Release|x64.Build.0 = Release|Any CPU
		{A2A9E0B8-D2F3-4E21-AEF0-6DDE4688D80A}.Release|x86.ActiveCfg = Release|Any CPU
		{A2A9E0B8-D2F3-4E21-AEF0-6DDE4688D80A}.Release|x86.Build.0 = Release|Any CPU
		{D4E17AB1-7F5C-48A8-A47E-8BE5F37BD761}.Debug|Any CPU.ActiveCfg = Debug|Any CPU
		{D4E17AB1-7F5C-48A8-A47E-8BE5F37BD761}.Debug|Any CPU.Build.0 = Debug|Any CPU
		{D4E17AB1-7F5C-48A8-A47E-8BE5F37BD761}.Debug|x64.ActiveCfg = Debug|Any CPU
		{D4E17AB1-7F5C-48A8-A47E-8BE5F37BD761}.Debug|x64.Build.0 = Debug|Any CPU
		{D4E17AB1-7F5C-48A8-A47E-8BE5F37BD761}.Debug|x86.ActiveCfg = Debug|Any CPU
		{D4E17AB1-7F5C-48A8-A47E-8BE5F37BD761}.Debug|x86.Build.0 = Debug|Any CPU
		{D4E17AB1-7F5C-48A8-A47E-8BE5F37BD761}.Release|Any CPU.ActiveCfg = Release|Any CPU
		{D4E17AB1-7F5C-48A8-A47E-8BE5F37BD761}.Release|Any CPU.Build.0 = Release|Any CPU
		{D4E17AB1-7F5C-48A8-A47E-8BE5F37BD761}.Release|x64.ActiveCfg = Release|Any CPU
		{D4E17AB1-7F5C-48A8-A47E-8BE5F37BD761}.Release|x64.Build.0 = Release|Any CPU
		{D4E17AB1-7F5C-48A8-A47E-8BE5F37BD761}.Release|x86.ActiveCfg = Release|Any CPU
		{D4E17AB1-7F5C-48A8-A47E-8BE5F37BD761}.Release|x86.Build.0 = Release|Any CPU
		{B8C38C3E-5C80-4F69-B4AB-55772F61A138}.Debug|Any CPU.ActiveCfg = Debug|Any CPU
		{B8C38C3E-5C80-4F69-B4AB-55772F61A138}.Debug|Any CPU.Build.0 = Debug|Any CPU
		{B8C38C3E-5C80-4F69-B4AB-55772F61A138}.Debug|x64.ActiveCfg = Debug|Any CPU
		{B8C38C3E-5C80-4F69-B4AB-55772F61A138}.Debug|x64.Build.0 = Debug|Any CPU
		{B8C38C3E-5C80-4F69-B4AB-55772F61A138}.Debug|x86.ActiveCfg = Debug|Any CPU
		{B8C38C3E-5C80-4F69-B4AB-55772F61A138}.Debug|x86.Build.0 = Debug|Any CPU
		{B8C38C3E-5C80-4F69-B4AB-55772F61A138}.Release|Any CPU.ActiveCfg = Release|Any CPU
		{B8C38C3E-5C80-4F69-B4AB-55772F61A138}.Release|Any CPU.Build.0 = Release|Any CPU
		{B8C38C3E-5C80-4F69-B4AB-55772F61A138}.Release|x64.ActiveCfg = Release|Any CPU
		{B8C38C3E-5C80-4F69-B4AB-55772F61A138}.Release|x64.Build.0 = Release|Any CPU
		{B8C38C3E-5C80-4F69-B4AB-55772F61A138}.Release|x86.ActiveCfg = Release|Any CPU
		{B8C38C3E-5C80-4F69-B4AB-55772F61A138}.Release|x86.Build.0 = Release|Any CPU
		{C2B35A41-4A58-49EC-A8D1-65F8AA6D9914}.Debug|Any CPU.ActiveCfg = Debug|Any CPU
		{C2B35A41-4A58-49EC-A8D1-65F8AA6D9914}.Debug|Any CPU.Build.0 = Debug|Any CPU
		{C2B35A41-4A58-49EC-A8D1-65F8AA6D9914}.Debug|x64.ActiveCfg = Debug|Any CPU
		{C2B35A41-4A58-49EC-A8D1-65F8AA6D9914}.Debug|x64.Build.0 = Debug|Any CPU
		{C2B35A41-4A58-49EC-A8D1-65F8AA6D9914}.Debug|x86.ActiveCfg = Debug|Any CPU
		{C2B35A41-4A58-49EC-A8D1-65F8AA6D9914}.Debug|x86.Build.0 = Debug|Any CPU
		{C2B35A41-4A58-49EC-A8D1-65F8AA6D9914}.Release|Any CPU.ActiveCfg = Release|Any CPU
		{C2B35A41-4A58-49EC-A8D1-65F8AA6D9914}.Release|Any CPU.Build.0 = Release|Any CPU
		{C2B35A41-4A58-49EC-A8D1-65F8AA6D9914}.Release|x64.ActiveCfg = Release|Any CPU
		{C2B35A41-4A58-49EC-A8D1-65F8AA6D9914}.Release|x64.Build.0 = Release|Any CPU
		{C2B35A41-4A58-49EC-A8D1-65F8AA6D9914}.Release|x86.ActiveCfg = Release|Any CPU
		{C2B35A41-4A58-49EC-A8D1-65F8AA6D9914}.Release|x86.Build.0 = Release|Any CPU
		{F4F86035-7CC3-4D8E-BA71-1C87E2A7E2E9}.Debug|Any CPU.ActiveCfg = Debug|Any CPU
		{F4F86035-7CC3-4D8E-BA71-1C87E2A7E2E9}.Debug|Any CPU.Build.0 = Debug|Any CPU
		{F4F86035-7CC3-4D8E-BA71-1C87E2A7E2E9}.Debug|x64.ActiveCfg = Debug|Any CPU
		{F4F86035-7CC3-4D8E-BA71-1C87E2A7E2E9}.Debug|x64.Build.0 = Debug|Any CPU
		{F4F86035-7CC3-4D8E-BA71-1C87E2A7E2E9}.Debug|x86.ActiveCfg = Debug|Any CPU
		{F4F86035-7CC3-4D8E-BA71-1C87E2A7E2E9}.Debug|x86.Build.0 = Debug|Any CPU
		{F4F86035-7CC3-4D8E-BA71-1C87E2A7E2E9}.Release|Any CPU.ActiveCfg = Release|Any CPU
		{F4F86035-7CC3-4D8E-BA71-1C87E2A7E2E9}.Release|Any CPU.Build.0 = Release|Any CPU
		{F4F86035-7CC3-4D8E-BA71-1C87E2A7E2E9}.Release|x64.ActiveCfg = Release|Any CPU
		{F4F86035-7CC3-4D8E-BA71-1C87E2A7E2E9}.Release|x64.Build.0 = Release|Any CPU
		{F4F86035-7CC3-4D8E-BA71-1C87E2A7E2E9}.Release|x86.ActiveCfg = Release|Any CPU
		{F4F86035-7CC3-4D8E-BA71-1C87E2A7E2E9}.Release|x86.Build.0 = Release|Any CPU
		{E650246E-C6E1-4E34-9CF7-9890CE46B65C}.Debug|Any CPU.ActiveCfg = Debug|Any CPU
		{E650246E-C6E1-4E34-9CF7-9890CE46B65C}.Debug|Any CPU.Build.0 = Debug|Any CPU
		{E650246E-C6E1-4E34-9CF7-9890CE46B65C}.Debug|x64.ActiveCfg = Debug|Any CPU
		{E650246E-C6E1-4E34-9CF7-9890CE46B65C}.Debug|x64.Build.0 = Debug|Any CPU
		{E650246E-C6E1-4E34-9CF7-9890CE46B65C}.Debug|x86.ActiveCfg = Debug|Any CPU
		{E650246E-C6E1-4E34-9CF7-9890CE46B65C}.Debug|x86.Build.0 = Debug|Any CPU
		{E650246E-C6E1-4E34-9CF7-9890CE46B65C}.Release|Any CPU.ActiveCfg = Release|Any CPU
		{E650246E-C6E1-4E34-9CF7-9890CE46B65C}.Release|Any CPU.Build.0 = Release|Any CPU
		{E650246E-C6E1-4E34-9CF7-9890CE46B65C}.Release|x64.ActiveCfg = Release|Any CPU
		{E650246E-C6E1-4E34-9CF7-9890CE46B65C}.Release|x64.Build.0 = Release|Any CPU
		{E650246E-C6E1-4E34-9CF7-9890CE46B65C}.Release|x86.ActiveCfg = Release|Any CPU
		{E650246E-C6E1-4E34-9CF7-9890CE46B65C}.Release|x86.Build.0 = Release|Any CPU
		{9E3EA4B7-BD0E-48CD-B74A-C4E4F1F44589}.Debug|Any CPU.ActiveCfg = Debug|Any CPU
		{9E3EA4B7-BD0E-48CD-B74A-C4E4F1F44589}.Debug|Any CPU.Build.0 = Debug|Any CPU
		{9E3EA4B7-BD0E-48CD-B74A-C4E4F1F44589}.Debug|x64.ActiveCfg = Debug|Any CPU
		{9E3EA4B7-BD0E-48CD-B74A-C4E4F1F44589}.Debug|x64.Build.0 = Debug|Any CPU
		{9E3EA4B7-BD0E-48CD-B74A-C4E4F1F44589}.Debug|x86.ActiveCfg = Debug|Any CPU
		{9E3EA4B7-BD0E-48CD-B74A-C4E4F1F44589}.Debug|x86.Build.0 = Debug|Any CPU
		{9E3EA4B7-BD0E-48CD-B74A-C4E4F1F44589}.Release|Any CPU.ActiveCfg = Release|Any CPU
		{9E3EA4B7-BD0E-48CD-B74A-C4E4F1F44589}.Release|Any CPU.Build.0 = Release|Any CPU
		{9E3EA4B7-BD0E-48CD-B74A-C4E4F1F44589}.Release|x64.ActiveCfg = Release|Any CPU
		{9E3EA4B7-BD0E-48CD-B74A-C4E4F1F44589}.Release|x64.Build.0 = Release|Any CPU
		{9E3EA4B7-BD0E-48CD-B74A-C4E4F1F44589}.Release|x86.ActiveCfg = Release|Any CPU
		{9E3EA4B7-BD0E-48CD-B74A-C4E4F1F44589}.Release|x86.Build.0 = Release|Any CPU
		{577DF582-39B9-4306-8F51-DB65DFD375E0}.Debug|Any CPU.ActiveCfg = Debug|Any CPU
		{577DF582-39B9-4306-8F51-DB65DFD375E0}.Debug|Any CPU.Build.0 = Debug|Any CPU
		{577DF582-39B9-4306-8F51-DB65DFD375E0}.Debug|x64.ActiveCfg = Debug|Any CPU
		{577DF582-39B9-4306-8F51-DB65DFD375E0}.Debug|x64.Build.0 = Debug|Any CPU
		{577DF582-39B9-4306-8F51-DB65DFD375E0}.Debug|x86.ActiveCfg = Debug|Any CPU
		{577DF582-39B9-4306-8F51-DB65DFD375E0}.Debug|x86.Build.0 = Debug|Any CPU
		{577DF582-39B9-4306-8F51-DB65DFD375E0}.Release|Any CPU.ActiveCfg = Release|Any CPU
		{577DF582-39B9-4306-8F51-DB65DFD375E0}.Release|Any CPU.Build.0 = Release|Any CPU
		{577DF582-39B9-4306-8F51-DB65DFD375E0}.Release|x64.ActiveCfg = Release|Any CPU
		{577DF582-39B9-4306-8F51-DB65DFD375E0}.Release|x64.Build.0 = Release|Any CPU
		{577DF582-39B9-4306-8F51-DB65DFD375E0}.Release|x86.ActiveCfg = Release|Any CPU
		{577DF582-39B9-4306-8F51-DB65DFD375E0}.Release|x86.Build.0 = Release|Any CPU
		{1DD4AD0F-F74F-452B-8633-96326FE0769E}.Debug|Any CPU.ActiveCfg = Debug|Any CPU
		{1DD4AD0F-F74F-452B-8633-96326FE0769E}.Debug|Any CPU.Build.0 = Debug|Any CPU
		{1DD4AD0F-F74F-452B-8633-96326FE0769E}.Debug|x64.ActiveCfg = Debug|Any CPU
		{1DD4AD0F-F74F-452B-8633-96326FE0769E}.Debug|x64.Build.0 = Debug|Any CPU
		{1DD4AD0F-F74F-452B-8633-96326FE0769E}.Debug|x86.ActiveCfg = Debug|Any CPU
		{1DD4AD0F-F74F-452B-8633-96326FE0769E}.Debug|x86.Build.0 = Debug|Any CPU
		{1DD4AD0F-F74F-452B-8633-96326FE0769E}.Release|Any CPU.ActiveCfg = Release|Any CPU
		{1DD4AD0F-F74F-452B-8633-96326FE0769E}.Release|Any CPU.Build.0 = Release|Any CPU
		{1DD4AD0F-F74F-452B-8633-96326FE0769E}.Release|x64.ActiveCfg = Release|Any CPU
		{1DD4AD0F-F74F-452B-8633-96326FE0769E}.Release|x64.Build.0 = Release|Any CPU
		{1DD4AD0F-F74F-452B-8633-96326FE0769E}.Release|x86.ActiveCfg = Release|Any CPU
		{1DD4AD0F-F74F-452B-8633-96326FE0769E}.Release|x86.Build.0 = Release|Any CPU
		{3D212656-31F9-4591-A19C-B7F77EE09AA3}.Debug|Any CPU.ActiveCfg = Debug|Any CPU
		{3D212656-31F9-4591-A19C-B7F77EE09AA3}.Debug|Any CPU.Build.0 = Debug|Any CPU
		{3D212656-31F9-4591-A19C-B7F77EE09AA3}.Debug|x64.ActiveCfg = Debug|Any CPU
		{3D212656-31F9-4591-A19C-B7F77EE09AA3}.Debug|x64.Build.0 = Debug|Any CPU
		{3D212656-31F9-4591-A19C-B7F77EE09AA3}.Debug|x86.ActiveCfg = Debug|Any CPU
		{3D212656-31F9-4591-A19C-B7F77EE09AA3}.Debug|x86.Build.0 = Debug|Any CPU
		{3D212656-31F9-4591-A19C-B7F77EE09AA3}.Release|Any CPU.ActiveCfg = Release|Any CPU
		{3D212656-31F9-4591-A19C-B7F77EE09AA3}.Release|Any CPU.Build.0 = Release|Any CPU
		{3D212656-31F9-4591-A19C-B7F77EE09AA3}.Release|x64.ActiveCfg = Release|Any CPU
		{3D212656-31F9-4591-A19C-B7F77EE09AA3}.Release|x64.Build.0 = Release|Any CPU
		{3D212656-31F9-4591-A19C-B7F77EE09AA3}.Release|x86.ActiveCfg = Release|Any CPU
		{3D212656-31F9-4591-A19C-B7F77EE09AA3}.Release|x86.Build.0 = Release|Any CPU
		{E14D36F0-9BDA-44EC-A2D8-3A4AAFF2211C}.Debug|Any CPU.ActiveCfg = Debug|Any CPU
		{E14D36F0-9BDA-44EC-A2D8-3A4AAFF2211C}.Debug|Any CPU.Build.0 = Debug|Any CPU
		{E14D36F0-9BDA-44EC-A2D8-3A4AAFF2211C}.Debug|x64.ActiveCfg = Debug|Any CPU
		{E14D36F0-9BDA-44EC-A2D8-3A4AAFF2211C}.Debug|x64.Build.0 = Debug|Any CPU
		{E14D36F0-9BDA-44EC-A2D8-3A4AAFF2211C}.Debug|x86.ActiveCfg = Debug|Any CPU
		{E14D36F0-9BDA-44EC-A2D8-3A4AAFF2211C}.Debug|x86.Build.0 = Debug|Any CPU
		{E14D36F0-9BDA-44EC-A2D8-3A4AAFF2211C}.Release|Any CPU.ActiveCfg = Release|Any CPU
		{E14D36F0-9BDA-44EC-A2D8-3A4AAFF2211C}.Release|Any CPU.Build.0 = Release|Any CPU
		{E14D36F0-9BDA-44EC-A2D8-3A4AAFF2211C}.Release|x64.ActiveCfg = Release|Any CPU
		{E14D36F0-9BDA-44EC-A2D8-3A4AAFF2211C}.Release|x64.Build.0 = Release|Any CPU
		{E14D36F0-9BDA-44EC-A2D8-3A4AAFF2211C}.Release|x86.ActiveCfg = Release|Any CPU
		{E14D36F0-9BDA-44EC-A2D8-3A4AAFF2211C}.Release|x86.Build.0 = Release|Any CPU
		{3EAC384C-A336-4B43-8DF9-E801E0D598CE}.Debug|Any CPU.ActiveCfg = Debug|Any CPU
		{3EAC384C-A336-4B43-8DF9-E801E0D598CE}.Debug|Any CPU.Build.0 = Debug|Any CPU
		{3EAC384C-A336-4B43-8DF9-E801E0D598CE}.Debug|x64.ActiveCfg = Debug|Any CPU
		{3EAC384C-A336-4B43-8DF9-E801E0D598CE}.Debug|x64.Build.0 = Debug|Any CPU
		{3EAC384C-A336-4B43-8DF9-E801E0D598CE}.Debug|x86.ActiveCfg = Debug|Any CPU
		{3EAC384C-A336-4B43-8DF9-E801E0D598CE}.Debug|x86.Build.0 = Debug|Any CPU
		{3EAC384C-A336-4B43-8DF9-E801E0D598CE}.Release|Any CPU.ActiveCfg = Release|Any CPU
		{3EAC384C-A336-4B43-8DF9-E801E0D598CE}.Release|Any CPU.Build.0 = Release|Any CPU
		{3EAC384C-A336-4B43-8DF9-E801E0D598CE}.Release|x64.ActiveCfg = Release|Any CPU
		{3EAC384C-A336-4B43-8DF9-E801E0D598CE}.Release|x64.Build.0 = Release|Any CPU
		{3EAC384C-A336-4B43-8DF9-E801E0D598CE}.Release|x86.ActiveCfg = Release|Any CPU
		{3EAC384C-A336-4B43-8DF9-E801E0D598CE}.Release|x86.Build.0 = Release|Any CPU
	EndGlobalSection
	GlobalSection(SolutionProperties) = preSolution
		HideSolutionNode = FALSE
	EndGlobalSection
	GlobalSection(NestedProjects) = preSolution
		{046C07E6-8117-4F19-B2CF-683D62D944C9} = {7A1224A0-F22D-34FF-DE0A-A058FAFFD90C}
		{2F00CBA5-C5E9-42BC-9F25-01641E0B8901} = {7A1224A0-F22D-34FF-DE0A-A058FAFFD90C}
		{0BAD4EAB-F18E-405C-AA1F-0D08B03B599B} = {7A1224A0-F22D-34FF-DE0A-A058FAFFD90C}
		{A2A9E0B8-D2F3-4E21-AEF0-6DDE4688D80A} = {7A1224A0-F22D-34FF-DE0A-A058FAFFD90C}
		{D4E17AB1-7F5C-48A8-A47E-8BE5F37BD761} = {7A1224A0-F22D-34FF-DE0A-A058FAFFD90C}
		{B8C38C3E-5C80-4F69-B4AB-55772F61A138} = {7A1224A0-F22D-34FF-DE0A-A058FAFFD90C}
		{C2B35A41-4A58-49EC-A8D1-65F8AA6D9914} = {7A1224A0-F22D-34FF-DE0A-A058FAFFD90C}
		{F4F86035-7CC3-4D8E-BA71-1C87E2A7E2E9} = {7A1224A0-F22D-34FF-DE0A-A058FAFFD90C}
		{E650246E-C6E1-4E34-9CF7-9890CE46B65C} = {7A1224A0-F22D-34FF-DE0A-A058FAFFD90C}
		{9E3EA4B7-BD0E-48CD-B74A-C4E4F1F44589} = {7A1224A0-F22D-34FF-DE0A-A058FAFFD90C}
		{577DF582-39B9-4306-8F51-DB65DFD375E0} = {7A1224A0-F22D-34FF-DE0A-A058FAFFD90C}
		{1DD4AD0F-F74F-452B-8633-96326FE0769E} = {7A1224A0-F22D-34FF-DE0A-A058FAFFD90C}
		{3D212656-31F9-4591-A19C-B7F77EE09AA3} = {7A1224A0-F22D-34FF-DE0A-A058FAFFD90C}
		{E14D36F0-9BDA-44EC-A2D8-3A4AAFF2211C} = {7A1224A0-F22D-34FF-DE0A-A058FAFFD90C}
		{3EAC384C-A336-4B43-8DF9-E801E0D598CE} = {7A1224A0-F22D-34FF-DE0A-A058FAFFD90C}
	EndGlobalSection
EndGlobal
